
Microsoft Visual Studio Solution File, Format Version 12.00
# Visual Studio 15
VisualStudioVersion = 15.0.27004.2006
MinimumVisualStudioVersion = 10.0.40219.1
Project("{FAE04EC0-301F-11D3-BF4B-00C04F79EFBC}") = "ChessOpenings.Android", "ChessOpenings\ChessOpenings.Android\ChessOpenings.Android.csproj", "{9C1F0205-36D7-446D-89D2-9D9F5BB8F1E7}"
EndProject
Project("{FAE04EC0-301F-11D3-BF4B-00C04F79EFBC}") = "ChessOpenings.iOS", "ChessOpenings\ChessOpenings.iOS\ChessOpenings.iOS.csproj", "{F80D6E12-5196-4523-8B8C-2925D1DF8A3F}"
EndProject
Project("{FAE04EC0-301F-11D3-BF4B-00C04F79EFBC}") = "ChessOpenings.UWP", "ChessOpenings\ChessOpenings.UWP\ChessOpenings.UWP.csproj", "{1FDF5EE1-CE16-413E-BF3E-6D03680D157E}"
EndProject
Project("{FAE04EC0-301F-11D3-BF4B-00C04F79EFBC}") = "ChessOpenings", "ChessOpenings\ChessOpenings\ChessOpenings.csproj", "{63C797A2-BA0B-4ABD-B17D-53EAC1F33388}"
EndProject
Global
	GlobalSection(SolutionConfigurationPlatforms) = preSolution
		Debug|Any CPU = Debug|Any CPU
		Debug|ARM = Debug|ARM
		Debug|iPhone = Debug|iPhone
		Debug|iPhoneSimulator = Debug|iPhoneSimulator
		Debug|x64 = Debug|x64
		Debug|x86 = Debug|x86
		Release|Any CPU = Release|Any CPU
		Release|ARM = Release|ARM
		Release|iPhone = Release|iPhone
		Release|iPhoneSimulator = Release|iPhoneSimulator
		Release|x64 = Release|x64
		Release|x86 = Release|x86
	EndGlobalSection
	GlobalSection(ProjectConfigurationPlatforms) = postSolution
		{9C1F0205-36D7-446D-89D2-9D9F5BB8F1E7}.Debug|Any CPU.ActiveCfg = Debug|Any CPU
		{9C1F0205-36D7-446D-89D2-9D9F5BB8F1E7}.Debug|Any CPU.Build.0 = Debug|Any CPU
		{9C1F0205-36D7-446D-89D2-9D9F5BB8F1E7}.Debug|Any CPU.Deploy.0 = Debug|Any CPU
		{9C1F0205-36D7-446D-89D2-9D9F5BB8F1E7}.Debug|ARM.ActiveCfg = Debug|Any CPU
		{9C1F0205-36D7-446D-89D2-9D9F5BB8F1E7}.Debug|ARM.Build.0 = Debug|Any CPU
		{9C1F0205-36D7-446D-89D2-9D9F5BB8F1E7}.Debug|ARM.Deploy.0 = Debug|Any CPU
		{9C1F0205-36D7-446D-89D2-9D9F5BB8F1E7}.Debug|iPhone.ActiveCfg = Debug|Any CPU
		{9C1F0205-36D7-446D-89D2-9D9F5BB8F1E7}.Debug|iPhone.Build.0 = Debug|Any CPU
		{9C1F0205-36D7-446D-89D2-9D9F5BB8F1E7}.Debug|iPhone.Deploy.0 = Debug|Any CPU
		{9C1F0205-36D7-446D-89D2-9D9F5BB8F1E7}.Debug|iPhoneSimulator.ActiveCfg = Debug|Any CPU
		{9C1F0205-36D7-446D-89D2-9D9F5BB8F1E7}.Debug|iPhoneSimulator.Build.0 = Debug|Any CPU
		{9C1F0205-36D7-446D-89D2-9D9F5BB8F1E7}.Debug|iPhoneSimulator.Deploy.0 = Debug|Any CPU
		{9C1F0205-36D7-446D-89D2-9D9F5BB8F1E7}.Debug|x64.ActiveCfg = Debug|Any CPU
		{9C1F0205-36D7-446D-89D2-9D9F5BB8F1E7}.Debug|x64.Build.0 = Debug|Any CPU
		{9C1F0205-36D7-446D-89D2-9D9F5BB8F1E7}.Debug|x64.Deploy.0 = Debug|Any CPU
		{9C1F0205-36D7-446D-89D2-9D9F5BB8F1E7}.Debug|x86.ActiveCfg = Debug|Any CPU
		{9C1F0205-36D7-446D-89D2-9D9F5BB8F1E7}.Debug|x86.Build.0 = Debug|Any CPU
		{9C1F0205-36D7-446D-89D2-9D9F5BB8F1E7}.Debug|x86.Deploy.0 = Debug|Any CPU
		{9C1F0205-36D7-446D-89D2-9D9F5BB8F1E7}.Release|Any CPU.ActiveCfg = Release|Any CPU
		{9C1F0205-36D7-446D-89D2-9D9F5BB8F1E7}.Release|Any CPU.Build.0 = Release|Any CPU
		{9C1F0205-36D7-446D-89D2-9D9F5BB8F1E7}.Release|Any CPU.Deploy.0 = Release|Any CPU
		{9C1F0205-36D7-446D-89D2-9D9F5BB8F1E7}.Release|ARM.ActiveCfg = Release|Any CPU
		{9C1F0205-36D7-446D-89D2-9D9F5BB8F1E7}.Release|ARM.Build.0 = Release|Any CPU
		{9C1F0205-36D7-446D-89D2-9D9F5BB8F1E7}.Release|ARM.Deploy.0 = Release|Any CPU
		{9C1F0205-36D7-446D-89D2-9D9F5BB8F1E7}.Release|iPhone.ActiveCfg = Release|Any CPU
		{9C1F0205-36D7-446D-89D2-9D9F5BB8F1E7}.Release|iPhone.Build.0 = Release|Any CPU
		{9C1F0205-36D7-446D-89D2-9D9F5BB8F1E7}.Release|iPhone.Deploy.0 = Release|Any CPU
		{9C1F0205-36D7-446D-89D2-9D9F5BB8F1E7}.Release|iPhoneSimulator.ActiveCfg = Release|Any CPU
		{9C1F0205-36D7-446D-89D2-9D9F5BB8F1E7}.Release|iPhoneSimulator.Build.0 = Release|Any CPU
		{9C1F0205-36D7-446D-89D2-9D9F5BB8F1E7}.Release|iPhoneSimulator.Deploy.0 = Release|Any CPU
		{9C1F0205-36D7-446D-89D2-9D9F5BB8F1E7}.Release|x64.ActiveCfg = Release|Any CPU
		{9C1F0205-36D7-446D-89D2-9D9F5BB8F1E7}.Release|x64.Build.0 = Release|Any CPU
		{9C1F0205-36D7-446D-89D2-9D9F5BB8F1E7}.Release|x64.Deploy.0 = Release|Any CPU
		{9C1F0205-36D7-446D-89D2-9D9F5BB8F1E7}.Release|x86.ActiveCfg = Release|Any CPU
		{9C1F0205-36D7-446D-89D2-9D9F5BB8F1E7}.Release|x86.Build.0 = Release|Any CPU
		{9C1F0205-36D7-446D-89D2-9D9F5BB8F1E7}.Release|x86.Deploy.0 = Release|Any CPU
		{F80D6E12-5196-4523-8B8C-2925D1DF8A3F}.Debug|Any CPU.ActiveCfg = Debug|iPhoneSimulator
		{F80D6E12-5196-4523-8B8C-2925D1DF8A3F}.Debug|ARM.ActiveCfg = Debug|iPhone
		{F80D6E12-5196-4523-8B8C-2925D1DF8A3F}.Debug|iPhone.ActiveCfg = Debug|iPhone
		{F80D6E12-5196-4523-8B8C-2925D1DF8A3F}.Debug|iPhone.Build.0 = Debug|iPhone
		{F80D6E12-5196-4523-8B8C-2925D1DF8A3F}.Debug|iPhoneSimulator.ActiveCfg = Debug|iPhoneSimulator
		{F80D6E12-5196-4523-8B8C-2925D1DF8A3F}.Debug|iPhoneSimulator.Build.0 = Debug|iPhoneSimulator
		{F80D6E12-5196-4523-8B8C-2925D1DF8A3F}.Debug|x64.ActiveCfg = Debug|iPhone
		{F80D6E12-5196-4523-8B8C-2925D1DF8A3F}.Debug|x86.ActiveCfg = Debug|iPhone
		{F80D6E12-5196-4523-8B8C-2925D1DF8A3F}.Release|Any CPU.ActiveCfg = Release|iPhoneSimulator
		{F80D6E12-5196-4523-8B8C-2925D1DF8A3F}.Release|ARM.ActiveCfg = Release|iPhone
		{F80D6E12-5196-4523-8B8C-2925D1DF8A3F}.Release|iPhone.ActiveCfg = Release|iPhone
		{F80D6E12-5196-4523-8B8C-2925D1DF8A3F}.Release|iPhone.Build.0 = Release|iPhone
		{F80D6E12-5196-4523-8B8C-2925D1DF8A3F}.Release|iPhoneSimulator.ActiveCfg = Release|iPhoneSimulator
		{F80D6E12-5196-4523-8B8C-2925D1DF8A3F}.Release|iPhoneSimulator.Build.0 = Release|iPhoneSimulator
		{F80D6E12-5196-4523-8B8C-2925D1DF8A3F}.Release|x64.ActiveCfg = Release|iPhone
		{F80D6E12-5196-4523-8B8C-2925D1DF8A3F}.Release|x86.ActiveCfg = Release|iPhone
		{1FDF5EE1-CE16-413E-BF3E-6D03680D157E}.Debug|Any CPU.ActiveCfg = Debug|x86
		{1FDF5EE1-CE16-413E-BF3E-6D03680D157E}.Debug|ARM.ActiveCfg = Debug|ARM
		{1FDF5EE1-CE16-413E-BF3E-6D03680D157E}.Debug|ARM.Build.0 = Debug|ARM
		{1FDF5EE1-CE16-413E-BF3E-6D03680D157E}.Debug|ARM.Deploy.0 = Debug|ARM
		{1FDF5EE1-CE16-413E-BF3E-6D03680D157E}.Debug|iPhone.ActiveCfg = Debug|x86
		{1FDF5EE1-CE16-413E-BF3E-6D03680D157E}.Debug|iPhoneSimulator.ActiveCfg = Debug|x86
		{1FDF5EE1-CE16-413E-BF3E-6D03680D157E}.Debug|x64.ActiveCfg = Debug|x64
		{1FDF5EE1-CE16-413E-BF3E-6D03680D157E}.Debug|x64.Build.0 = Debug|x64
		{1FDF5EE1-CE16-413E-BF3E-6D03680D157E}.Debug|x64.Deploy.0 = Debug|x64
		{1FDF5EE1-CE16-413E-BF3E-6D03680D157E}.Debug|x86.ActiveCfg = Debug|x86
		{1FDF5EE1-CE16-413E-BF3E-6D03680D157E}.Debug|x86.Build.0 = Debug|x86
		{1FDF5EE1-CE16-413E-BF3E-6D03680D157E}.Debug|x86.Deploy.0 = Debug|x86
		{1FDF5EE1-CE16-413E-BF3E-6D03680D157E}.Release|Any CPU.ActiveCfg = Release|x86
		{1FDF5EE1-CE16-413E-BF3E-6D03680D157E}.Release|ARM.ActiveCfg = Release|ARM
		{1FDF5EE1-CE16-413E-BF3E-6D03680D157E}.Release|ARM.Build.0 = Release|ARM
		{1FDF5EE1-CE16-413E-BF3E-6D03680D157E}.Release|ARM.Deploy.0 = Release|ARM
		{1FDF5EE1-CE16-413E-BF3E-6D03680D157E}.Release|iPhone.ActiveCfg = Release|x86
		{1FDF5EE1-CE16-413E-BF3E-6D03680D157E}.Release|iPhoneSimulator.ActiveCfg = Release|x86
		{1FDF5EE1-CE16-413E-BF3E-6D03680D157E}.Release|x64.ActiveCfg = Release|x64
		{1FDF5EE1-CE16-413E-BF3E-6D03680D157E}.Release|x64.Build.0 = Release|x64
		{1FDF5EE1-CE16-413E-BF3E-6D03680D157E}.Release|x64.Deploy.0 = Release|x64
		{1FDF5EE1-CE16-413E-BF3E-6D03680D157E}.Release|x86.ActiveCfg = Release|x86
		{1FDF5EE1-CE16-413E-BF3E-6D03680D157E}.Release|x86.Build.0 = Release|x86
		{1FDF5EE1-CE16-413E-BF3E-6D03680D157E}.Release|x86.Deploy.0 = Release|x86
		{63C797A2-BA0B-4ABD-B17D-53EAC1F33388}.Debug|Any CPU.ActiveCfg = Debug|Any CPU
		{63C797A2-BA0B-4ABD-B17D-53EAC1F33388}.Debug|Any CPU.Build.0 = Debug|Any CPU
		{63C797A2-BA0B-4ABD-B17D-53EAC1F33388}.Debug|ARM.ActiveCfg = Debug|Any CPU
		{63C797A2-BA0B-4ABD-B17D-53EAC1F33388}.Debug|ARM.Build.0 = Debug|Any CPU
		{63C797A2-BA0B-4ABD-B17D-53EAC1F33388}.Debug|iPhone.ActiveCfg = Debug|Any CPU
		{63C797A2-BA0B-4ABD-B17D-53EAC1F33388}.Debug|iPhone.Build.0 = Debug|Any CPU
		{63C797A2-BA0B-4ABD-B17D-53EAC1F33388}.Debug|iPhoneSimulator.ActiveCfg = Debug|Any CPU
		{63C797A2-BA0B-4ABD-B17D-53EAC1F33388}.Debug|iPhoneSimulator.Build.0 = Debug|Any CPU
		{63C797A2-BA0B-4ABD-B17D-53EAC1F33388}.Debug|x64.ActiveCfg = Debug|Any CPU
		{63C797A2-BA0B-4ABD-B17D-53EAC1F33388}.Debug|x64.Build.0 = Debug|Any CPU
		{63C797A2-BA0B-4ABD-B17D-53EAC1F33388}.Debug|x86.ActiveCfg = Debug|Any CPU
		{63C797A2-BA0B-4ABD-B17D-53EAC1F33388}.Debug|x86.Build.0 = Debug|Any CPU
		{63C797A2-BA0B-4ABD-B17D-53EAC1F33388}.Release|Any CPU.ActiveCfg = Release|Any CPU
		{63C797A2-BA0B-4ABD-B17D-53EAC1F33388}.Release|Any CPU.Build.0 = Release|Any CPU
		{63C797A2-BA0B-4ABD-B17D-53EAC1F33388}.Release|ARM.ActiveCfg = Release|Any CPU
		{63C797A2-BA0B-4ABD-B17D-53EAC1F33388}.Release|ARM.Build.0 = Release|Any CPU
		{63C797A2-BA0B-4ABD-B17D-53EAC1F33388}.Release|iPhone.ActiveCfg = Release|Any CPU
		{63C797A2-BA0B-4ABD-B17D-53EAC1F33388}.Release|iPhone.Build.0 = Release|Any CPU
		{63C797A2-BA0B-4ABD-B17D-53EAC1F33388}.Release|iPhoneSimulator.ActiveCfg = Release|Any CPU
		{63C797A2-BA0B-4ABD-B17D-53EAC1F33388}.Release|iPhoneSimulator.Build.0 = Release|Any CPU
		{63C797A2-BA0B-4ABD-B17D-53EAC1F33388}.Release|x64.ActiveCfg = Release|Any CPU
		{63C797A2-BA0B-4ABD-B17D-53EAC1F33388}.Release|x64.Build.0 = Release|Any CPU
		{63C797A2-BA0B-4ABD-B17D-53EAC1F33388}.Release|x86.ActiveCfg = Release|Any CPU
		{63C797A2-BA0B-4ABD-B17D-53EAC1F33388}.Release|x86.Build.0 = Release|Any CPU
	EndGlobalSection
	GlobalSection(SolutionProperties) = preSolution
		HideSolutionNode = FALSE
	EndGlobalSection
	GlobalSection(ExtensibilityGlobals) = postSolution
		SolutionGuid = {9AC03E17-FF34-48BC-AE13-0CE3EE616425}
	EndGlobalSection
EndGlobal
